
Microsoft Visual Studio Solution File, Format Version 12.00
# Visual Studio 15
VisualStudioVersion = 15.0.26730.10
MinimumVisualStudioVersion = 10.0.40219.1
Project("{F184B08F-C81C-45F6-A57F-5ABD9991F28F}") = "CodeBreaker", "CodeBreaker\CodeBreaker.vbproj", "{C7F7DB2B-6DCB-410E-A223-428954CBC282}"
EndProject
Global
	GlobalSection(SolutionConfigurationPlatforms) = preSolution
		Debug|Any CPU = Debug|Any CPU
		Release|Any CPU = Release|Any CPU
	EndGlobalSection
	GlobalSection(ProjectConfigurationPlatforms) = postSolution
		{C7F7DB2B-6DCB-410E-A223-428954CBC282}.Debug|Any CPU.ActiveCfg = Debug|Any CPU
		{C7F7DB2B-6DCB-410E-A223-428954CBC282}.Debug|Any CPU.Build.0 = Debug|Any CPU
		{C7F7DB2B-6DCB-410E-A223-428954CBC282}.Release|Any CPU.ActiveCfg = Release|Any CPU
		{C7F7DB2B-6DCB-410E-A223-428954CBC282}.Release|Any CPU.Build.0 = Release|Any CPU
	EndGlobalSection
	GlobalSection(SolutionProperties) = preSolution
		HideSolutionNode = FALSE
	EndGlobalSection
	GlobalSection(ExtensibilityGlobals) = postSolution
		SolutionGuid = {0E171847-13A8-4235-A6B8-DCA5E06DBE69}
	EndGlobalSection
EndGlobal
